<?xml version="1.0" encoding="utf-8"?>
<Project ToolsVersion="4.0" xmlns="http://schemas.microsoft.com/developer/msbuild/2003">
  <ItemGroup>
    <Filter Include="源文件">
      <UniqueIdentifier>{4FC737F1-C7A5-4376-A066-2A32D752A2FF}</UniqueIdentifier>
      <Extensions>cpp;c;cc;cxx;def;odl;idl;hpj;bat;asm;asmx</Extensions>
    </Filter>
    <Filter Include="头文件">
      <UniqueIdentifier>{93995380-89BD-4b04-88EB-625FBE52EBFB}</UniqueIdentifier>
      <Extensions>h;hpp;hxx;hm;inl;inc;xsd</Extensions>
    </Filter>
    <Filter Include="资源文件">
      <UniqueIdentifier>{67DA6AB6-F800-4c08-8B7A-83BB121AAD01}</UniqueIdentifier>
      <Extensions>rc;ico;cur;bmp;dlg;rc2;rct;bin;rgs;gif;jpg;jpeg;jpe;resx;tiff;tif;png;wav;mfcribbon-ms</Extensions>
    </Filter>
    <Filter Include="Common">
      <UniqueIdentifier>{4d27e624-5207-4802-9c04-6be4e7d491ce}</UniqueIdentifier>
    </Filter>
  </ItemGroup>
  <ItemGroup>
    <None Include="ReadMe.txt" />
    <None Include="res\ReadSSG.ico">
      <Filter>资源文件</Filter>
    </None>
    <None Include="res\ReadSSG.rc2">
      <Filter>资源文件</Filter>
    </None>
    <None Include="res\icon1.ico">
      <Filter>资源文件</Filter>
    </None>
    <None Include="res\icon.ico">
      <Filter>资源文件</Filter>
    </None>
  </ItemGroup>
  <ItemGroup>
    <ClInclude Include="stdafx.h">
      <Filter>头文件</Filter>
    </ClInclude>
    <ClInclude Include="targetver.h">
      <Filter>头文件</Filter>
    </ClInclude>
    <ClInclude Include="Resource.h">
      <Filter>头文件</Filter>
    </ClInclude>
    <ClInclude Include="..\Common\ASCFile.h">
      <Filter>Common</Filter>
    </ClInclude>
    <ClInclude Include="..\Common\BeamSection.h">
      <Filter>Common</Filter>
    </ClInclude>
    <ClInclude Include="..\Common\CombineFrame.h">
      <Filter>Common</Filter>
    </ClInclude>
    <ClInclude Include="..\Common\DamperData.h">
      <Filter>Common</Filter>
    </ClInclude>
    <ClInclude Include="..\Common\DamperGroupData.h">
      <Filter>Common</Filter>
    </ClInclude>
    <ClInclude Include="..\Common\Data.h">
      <Filter>Common</Filter>
    </ClInclude>
    <ClInclude Include="..\Common\EdgeStruct.h">
      <Filter>Common</Filter>
    </ClInclude>
    <ClInclude Include="..\Common\FastMath.h">
      <Filter>Common</Filter>
    </ClInclude>
    <ClInclude Include="..\Common\Frame.h">
      <Filter>Common</Filter>
    </ClInclude>
    <ClInclude Include="..\Common\HeadDefine.h">
      <Filter>Common</Filter>
    </ClInclude>
    <ClInclude Include="..\Common\ISSGData.h">
      <Filter>Common</Filter>
    </ClInclude>
    <ClInclude Include="..\Common\Material.h">
      <Filter>Common</Filter>
    </ClInclude>
    <ClInclude Include="..\Common\MatPara.h">
      <Filter>Common</Filter>
    </ClInclude>
    <ClInclude Include="..\Common\Matrix4x4.h">
      <Filter>Common</Filter>
    </ClInclude>
    <ClInclude Include="..\Common\Matrix4x4_Reference.h">
      <Filter>Common</Filter>
    </ClInclude>
    <ClInclude Include="..\Common\Mesh.h">
      <Filter>Common</Filter>
    </ClInclude>
    <ClInclude Include="..\Common\PlateSection.h">
      <Filter>Common</Filter>
    </ClInclude>
    <ClInclude Include="..\Common\PublicFunc.h">
      <Filter>Common</Filter>
    </ClInclude>
    <ClInclude Include="..\Common\PublicFunc_MFC.h">
      <Filter>Common</Filter>
    </ClInclude>
    <ClInclude Include="..\Common\SectionBase.h">
      <Filter>Common</Filter>
    </ClInclude>
    <ClInclude Include="..\Common\SSGData.h">
      <Filter>Common</Filter>
    </ClInclude>
    <ClInclude Include="..\Common\SysPara.h">
      <Filter>Common</Filter>
    </ClInclude>
    <ClInclude Include="..\Common\UserDefine.h">
      <Filter>Common</Filter>
    </ClInclude>
    <ClInclude Include="..\Common\Vector4.h">
      <Filter>Common</Filter>
    </ClInclude>
    <ClInclude Include="..\Common\Vector4_Reference.h">
      <Filter>Common</Filter>
    </ClInclude>
    <ClInclude Include="..\Common\VisibleStruct.h">
      <Filter>Common</Filter>
    </ClInclude>
    <ClInclude Include="..\Common\B2c.h">
      <Filter>Common</Filter>
    </ClInclude>
    <ClInclude Include="..\Common\CF5ElmFieldData.h">
      <Filter>Common</Filter>
    </ClInclude>
    <ClInclude Include="..\Common\CF15StruFieldData.h">
      <Filter>Common</Filter>
    </ClInclude>
    <ClInclude Include="..\Common\IReport.h">
      <Filter>Common</Filter>
    </ClInclude>
    <ClInclude Include="..\Common\PostData.h">
      <Filter>Common</Filter>
    </ClInclude>
    <ClInclude Include="..\Common\ResponseSpectrum.h">
      <Filter>Common</Filter>
    </ClInclude>
    <ClInclude Include="..\Common\sausage-server.h">
      <Filter>Common</Filter>
    </ClInclude>
    <ClInclude Include="..\Common\SectionBaseHead.h">
      <Filter>Common</Filter>
    </ClInclude>
    <ClInclude Include="..\Common\SenseLock.h">
      <Filter>Common</Filter>
    </ClInclude>
    <ClInclude Include="..\Common\vba.h">
      <Filter>Common</Filter>
    </ClInclude>
    <ClInclude Include="..\Common\WaveTool.h">
      <Filter>Common</Filter>
    </ClInclude>
    <ClInclude Include="ReadSSG.h">
      <Filter>头文件</Filter>
    </ClInclude>
    <ClInclude Include="ReadSSGDlg.h">
      <Filter>头文件</Filter>
    </ClInclude>
  </ItemGroup>
  <ItemGroup>
    <ClCompile Include="stdafx.cpp">
      <Filter>源文件</Filter>
    </ClCompile>
    <ClCompile Include="ReadSSG.cpp">
      <Filter>源文件</Filter>
    </ClCompile>
    <ClCompile Include="ReadSSGDlg.cpp">
      <Filter>源文件</Filter>
    </ClCompile>
    <ClCompile Include="..\Common\MatPara.cpp">
      <Filter>源文件</Filter>
    </ClCompile>
  </ItemGroup>
  <ItemGroup>
    <ResourceCompile Include="ReadSSG.rc">
      <Filter>资源文件</Filter>
    </ResourceCompile>
  </ItemGroup>
</Project>